// !$*UTF8*$!
{
	archiveVersion = 1;
	classes = {
	};
	objectVersion = 46;
	objects = {

/* Begin PBXBuildFile section */
		4BDB75321DC66F0F0054893E /* 2.cpp in Sources */ = {isa = PBXBuildFile; fileRef = 4BDB75311DC66F0F0054893E /* 2.cpp */; };
		4BDB75351DC66F1B0054893E /* DayOfYear.cpp in Sources */ = {isa = PBXBuildFile; fileRef = 4BDB75331DC66F1B0054893E /* DayOfYear.cpp */; };
/* End PBXBuildFile section */

/* Begin PBXCopyFilesBuildPhase section */
		4BDB75221DC5BD620054893E /* CopyFiles */ = {
			isa = PBXCopyFilesBuildPhase;
			buildActionMask = 2147483647;
			dstPath = /usr/share/man/man1/;
			dstSubfolderSpec = 0;
			files = (
			);
			runOnlyForDeploymentPostprocessing = 1;
		};
/* End PBXCopyFilesBuildPhase section */

/* Begin PBXFileReference section */
		4BDB75241DC5BD620054893E /* chapter 14 */ = {isa = PBXFileReference; explicitFileType = "compiled.mach-o.executable"; includeInIndex = 0; path = "chapter 14"; sourceTree = BUILT_PRODUCTS_DIR; };
		4BDB75271DC5BD620054893E /* 1.cpp */ = {isa = PBXFileReference; lastKnownFileType = sourcecode.cpp.cpp; path = 1.cpp; sourceTree = "<group>"; };
		4BDB752E1DC5C4620054893E /* Numbers.cpp */ = {isa = PBXFileReference; fileEncoding = 4; lastKnownFileType = sourcecode.cpp.cpp; path = Numbers.cpp; sourceTree = "<group>"; };
		4BDB752F1DC5C4620054893E /* Numbers.hpp */ = {isa = PBXFileReference; fileEncoding = 4; lastKnownFileType = sourcecode.cpp.h; path = Numbers.hpp; sourceTree = "<group>"; };
		4BDB75311DC66F0F0054893E /* 2.cpp */ = {isa = PBXFileReference; fileEncoding = 4; lastKnownFileType = sourcecode.cpp.cpp; path = 2.cpp; sourceTree = "<group>"; };
		4BDB75331DC66F1B0054893E /* DayOfYear.cpp */ = {isa = PBXFileReference; fileEncoding = 4; lastKnownFileType = sourcecode.cpp.cpp; path = DayOfYear.cpp; sourceTree = "<group>"; };
		4BDB75341DC66F1B0054893E /* DayOfYear.hpp */ = {isa = PBXFileReference; fileEncoding = 4; lastKnownFileType = sourcecode.cpp.h; path = DayOfYear.hpp; sourceTree = "<group>"; };
/* End PBXFileReference section */

/* Begin PBXFrameworksBuildPhase section */
		4BDB75211DC5BD620054893E /* Frameworks */ = {
			isa = PBXFrameworksBuildPhase;
			buildActionMask = 2147483647;
			files = (
			);
			runOnlyForDeploymentPostprocessing = 0;
		};
/* End PBXFrameworksBuildPhase section */

/* Begin PBXGroup section */
		4BDB751B1DC5BD620054893E = {
			isa = PBXGroup;
			children = (
				4BDB75261DC5BD620054893E /* chapter 14 */,
				4BDB75251DC5BD620054893E /* Products */,
			);
			sourceTree = "<group>";
		};
		4BDB75251DC5BD620054893E /* Products */ = {
			isa = PBXGroup;
			children = (
				4BDB75241DC5BD620054893E /* chapter 14 */,
			);
			name = Products;
			sourceTree = "<group>";
		};
		4BDB75261DC5BD620054893E /* chapter 14 */ = {
			isa = PBXGroup;
			children = (
				4BDB75271DC5BD620054893E /* 1.cpp */,
				4BDB752E1DC5C4620054893E /* Numbers.cpp */,
				4BDB752F1DC5C4620054893E /* Numbers.hpp */,
				4BDB75311DC66F0F0054893E /* 2.cpp */,
				4BDB75331DC66F1B0054893E /* DayOfYear.cpp */,
				4BDB75341DC66F1B0054893E /* DayOfYear.hpp */,
			);
			path = "chapter 14";
			sourceTree = "<group>";
		};
/* End PBXGroup section */

/* Begin PBXNativeTarget section */
		4BDB75231DC5BD620054893E /* chapter 14 */ = {
			isa = PBXNativeTarget;
			buildConfigurationList = 4BDB752B1DC5BD620054893E /* Build configuration list for PBXNativeTarget "chapter 14" */;
			buildPhases = (
				4BDB75201DC5BD620054893E /* Sources */,
				4BDB75211DC5BD620054893E /* Frameworks */,
				4BDB75221DC5BD620054893E /* CopyFiles */,
			);
			buildRules = (
			);
			dependencies = (
			);
			name = "chapter 14";
			productName = "chapter 14";
			productReference = 4BDB75241DC5BD620054893E /* chapter 14 */;
			productType = "com.apple.product-type.tool";
		};
/* End PBXNativeTarget section */

/* Begin PBXProject section */
		4BDB751C1DC5BD620054893E /* Project object */ = {
			isa = PBXProject;
			attributes = {
				LastUpgradeCheck = 0730;
				ORGANIZATIONNAME = "Mirna Sumopawiro";
				TargetAttributes = {
					4BDB75231DC5BD620054893E = {
						CreatedOnToolsVersion = 7.3.1;
					};
				};
			};
			buildConfigurationList = 4BDB751F1DC5BD620054893E /* Build configuration list for PBXProject "chapter 14" */;
			compatibilityVersion = "Xcode 3.2";
			developmentRegion = English;
			hasScannedForEncodings = 0;
			knownRegions = (
				en,
			);
			mainGroup = 4BDB751B1DC5BD620054893E;
			productRefGroup = 4BDB75251DC5BD620054893E /* Products */;
			projectDirPath = "";
			projectRoot = "";
			targets = (
				4BDB75231DC5BD620054893E /* chapter 14 */,
			);
		};
/* End PBXProject section */

/* Begin PBXSourcesBuildPhase section */
		4BDB75201DC5BD620054893E /* Sources */ = {
			isa = PBXSourcesBuildPhase;
			buildActionMask = 2147483647;
			files = (
				4BDB75351DC66F1B0054893E /* DayOfYear.cpp in Sources */,
				4BDB75321DC66F0F0054893E /* 2.cpp in Sources */,
			);
			runOnlyForDeploymentPostprocessing = 0;
		};
/* End PBXSourcesBuildPhase section */

/* Begin XCBuildConfiguration section */
		4BDB75291DC5BD620054893E /* Debug */ = {
			isa = XCBuildConfiguration;
			buildSettings = {
				ALWAYS_SEARCH_USER_PATHS = NO;
				CLANG_ANALYZER_NONNULL = YES;
				CLANG_CXX_LANGUAGE_STANDARD = "gnu++0x";
				CLANG_CXX_LIBRARY = "libc++";
				CLANG_ENABLE_MODULES = YES;
				CLANG_ENABLE_OBJC_ARC = YES;
				CLANG_WARN_BOOL_CONVERSION = YES;
				CLANG_WARN_CONSTANT_CONVERSION = YES;
				CLANG_WARN_DIRECT_OBJC_ISA_USAGE = YES_ERROR;
				CLANG_WARN_EMPTY_BODY = YES;
				CLANG_WARN_ENUM_CONVERSION = YES;
				CLANG_WARN_INT_CONVERSION = YES;
				CLANG_WARN_OBJC_ROOT_CLASS = YES_ERROR;
				CLANG_WARN_UNREACHABLE_CODE = YES;
				CLANG_WARN__DUPLICATE_METHOD_MATCH = YES;
				CODE_SIGN_IDENTITY = "-";
				COPY_PHASE_STRIP = NO;
				DEBUG_INFORMATION_FORMAT = dwarf;
				ENABLE_STRICT_OBJC_MSGSEND = YES;
				ENABLE_TESTABILITY = YES;
				GCC_C_LANGUAGE_STANDARD = gnu99;
				GCC_DYNAMIC_NO_PIC = NO;
				GCC_NO_COMMON_BLOCKS = YES;
				GCC_OPTIMIZATION_LEVEL = 0;
				GCC_PREPROCESSOR_DEFINITIONS = (
					"DEBUG=1",
					"$(inherited)",
				);
				GCC_WARN_64_TO_32_BIT_CONVERSION = YES;
				GCC_WARN_ABOUT_RETURN_TYPE = YES_ERROR;
				GCC_WARN_UNDECLARED_SELECTOR = YES;
				GCC_WARN_UNINITIALIZED_AUTOS = YES_AGGRESSIVE;
				GCC_WARN_UNUSED_FUNCTION = YES;
				GCC_WARN_UNUSED_VARIABLE = YES;
				MACOSX_DEPLOYMENT_TARGET = 10.11;
				MTL_ENABLE_DEBUG_INFO = YES;
				ONLY_ACTIVE_ARCH = YES;
				SDKROOT = macosx;
			};
			name = Debug;
		};
		4BDB752A1DC5BD620054893E /* Release */ = {
			isa = XCBuildConfiguration;
			buildSettings = {
				ALWAYS_SEARCH_USER_PATHS = NO;
				CLANG_ANALYZER_NONNULL = YES;
				CLANG_CXX_LANGUAGE_STANDARD = "gnu++0x";
				CLANG_CXX_LIBRARY = "libc++";
				CLANG_ENABLE_MODULES = YES;
				CLANG_ENABLE_OBJC_ARC = YES;
				CLANG_WARN_BOOL_CONVERSION = YES;
				CLANG_WARN_CONSTANT_CONVERSION = YES;
				CLANG_WARN_DIRECT_OBJC_ISA_USAGE = YES_ERROR;
				CLANG_WARN_EMPTY_BODY = YES;
				CLANG_WARN_ENUM_CONVERSION = YES;
				CLANG_WARN_INT_CONVERSION = YES;
				CLANG_WARN_OBJC_ROOT_CLASS = YES_ERROR;
				CLANG_WARN_UNREACHABLE_CODE = YES;
				CLANG_WARN__DUPLICATE_METHOD_MATCH = YES;
				CODE_SIGN_IDENTITY = "-";
				COPY_PHASE_STRIP = NO;
				DEBUG_INFORMATION_FORMAT = "dwarf-with-dsym";
				ENABLE_NS_ASSERTIONS = NO;
				ENABLE_STRICT_OBJC_MSGSEND = YES;
				GCC_C_LANGUAGE_STANDARD = gnu99;
				GCC_NO_COMMON_BLOCKS = YES;
				GCC_WARN_64_TO_32_BIT_CONVERSION = YES;
				GCC_WARN_ABOUT_RETURN_TYPE = YES_ERROR;
				GCC_WARN_UNDECLARED_SELECTOR = YES;
				GCC_WARN_UNINITIALIZED_AUTOS = YES_AGGRESSIVE;
				GCC_WARN_UNUSED_FUNCTION = YES;
				GCC_WARN_UNUSED_VARIABLE = YES;
				MACOSX_DEPLOYMENT_TARGET = 10.11;
				MTL_ENABLE_DEBUG_INFO = NO;
				SDKROOT = macosx;
			};
			name = Release;
		};
		4BDB752C1DC5BD620054893E /* Debug */ = {
			isa = XCBuildConfiguration;
			buildSettings = {
				PRODUCT_NAME = "$(TARGET_NAME)";
			};
			name = Debug;
		};
		4BDB752D1DC5BD620054893E /* Release */ = {
			isa = XCBuildConfiguration;
			buildSettings = {
				PRODUCT_NAME = "$(TARGET_NAME)";
			};
			name = Release;
		};
/* End XCBuildConfiguration section */

/* Begin XCConfigurationList section */
		4BDB751F1DC5BD620054893E /* Build configuration list for PBXProject "chapter 14" */ = {
			isa = XCConfigurationList;
			buildConfigurations = (
				4BDB75291DC5BD620054893E /* Debug */,
				4BDB752A1DC5BD620054893E /* Release */,
			);
			defaultConfigurationIsVisible = 0;
			defaultConfigurationName = Release;
		};
		4BDB752B1DC5BD620054893E /* Build configuration list for PBXNativeTarget "chapter 14" */ = {
			isa = XCConfigurationList;
			buildConfigurations = (
				4BDB752C1DC5BD620054893E /* Debug */,
				4BDB752D1DC5BD620054893E /* Release */,
			);
			defaultConfigurationIsVisible = 0;
		};
/* End XCConfigurationList section */
	};
	rootObject = 4BDB751C1DC5BD620054893E /* Project object */;
}
